
Microsoft Visual Studio Solution File, Format Version 12.00
# Visual Studio Version 16
VisualStudioVersion = 16.0.31515.178
MinimumVisualStudioVersion = 10.0.40219.1
Project("{9A19103F-16F7-4668-BE54-9A1E7A4F7556}") = "Finance_StockPrice", "Finance_StockPrice\Finance_StockPrice.csproj", "{667CBBE7-8E6F-4F7A-8DB8-8F6A0F377964}"
EndProject
Global
	GlobalSection(SolutionConfigurationPlatforms) = preSolution
		Debug|Any CPU = Debug|Any CPU
		Release|Any CPU = Release|Any CPU
	EndGlobalSection
	GlobalSection(ProjectConfigurationPlatforms) = postSolution
		{667CBBE7-8E6F-4F7A-8DB8-8F6A0F377964}.Debug|Any CPU.ActiveCfg = Debug|Any CPU
		{667CBBE7-8E6F-4F7A-8DB8-8F6A0F377964}.Debug|Any CPU.Build.0 = Debug|Any CPU
		{667CBBE7-8E6F-4F7A-8DB8-8F6A0F377964}.Release|Any CPU.ActiveCfg = Release|Any CPU
		{667CBBE7-8E6F-4F7A-8DB8-8F6A0F377964}.Release|Any CPU.Build.0 = Release|Any CPU
	EndGlobalSection
	GlobalSection(SolutionProperties) = preSolution
		HideSolutionNode = FALSE
	EndGlobalSection
	GlobalSection(ExtensibilityGlobals) = postSolution
		SolutionGuid = {4CBA5784-0701-4D4C-A007-37899180300D}
	EndGlobalSection
EndGlobal
